
Microsoft Visual Studio Solution File, Format Version 12.00
# Visual Studio Version 16
VisualStudioVersion = 16.0.32802.440
MinimumVisualStudioVersion = 10.0.40219.1
Project("{FAE04EC0-301F-11D3-BF4B-00C04F79EFBC}") = "QuickSort-2", "QuickSort-2\QuickSort-2.csproj", "{601887EC-8A0C-47A1-9E4C-5A483B3B3EB7}"
EndProject
Global
	GlobalSection(SolutionConfigurationPlatforms) = preSolution
		Debug|Any CPU = Debug|Any CPU
		Release|Any CPU = Release|Any CPU
	EndGlobalSection
	GlobalSection(ProjectConfigurationPlatforms) = postSolution
		{601887EC-8A0C-47A1-9E4C-5A483B3B3EB7}.Debug|Any CPU.ActiveCfg = Debug|Any CPU
		{601887EC-8A0C-47A1-9E4C-5A483B3B3EB7}.Debug|Any CPU.Build.0 = Debug|Any CPU
		{601887EC-8A0C-47A1-9E4C-5A483B3B3EB7}.Release|Any CPU.ActiveCfg = Release|Any CPU
		{601887EC-8A0C-47A1-9E4C-5A483B3B3EB7}.Release|Any CPU.Build.0 = Release|Any CPU
	EndGlobalSection
	GlobalSection(SolutionProperties) = preSolution
		HideSolutionNode = FALSE
	EndGlobalSection
	GlobalSection(ExtensibilityGlobals) = postSolution
		SolutionGuid = {1D1CBB69-A54F-410A-9CF0-EF970684A2CC}
	EndGlobalSection
EndGlobal
